// !$*UTF8*$!
{
	archiveVersion = 1;
	classes = {
	};
	objectVersion = 77;
	objects = {

/* Begin PBXContainerItemProxy section */
		6DB506E12D0B2DA000961A0F /* PBXContainerItemProxy */ = {
			isa = PBXContainerItemProxy;
			containerPortal = 6DB506C82D0B2D9F00961A0F /* Project object */;
			proxyType = 1;
			remoteGlobalIDString = 6DB506CF2D0B2D9F00961A0F;
			remoteInfo = "CursoMVVMSwift-CleanArch";
		};
		6DB506EB2D0B2DA000961A0F /* PBXContainerItemProxy */ = {
			isa = PBXContainerItemProxy;
			containerPortal = 6DB506C82D0B2D9F00961A0F /* Project object */;
			proxyType = 1;
			remoteGlobalIDString = 6DB506CF2D0B2D9F00961A0F;
			remoteInfo = "CursoMVVMSwift-CleanArch";
		};
/* End PBXContainerItemProxy section */

/* Begin PBXFileReference section */
		6DB506D02D0B2D9F00961A0F /* CursoMVVMSwift-CleanArch.app */ = {isa = PBXFileReference; explicitFileType = wrapper.application; includeInIndex = 0; path = "CursoMVVMSwift-CleanArch.app"; sourceTree = BUILT_PRODUCTS_DIR; };
		6DB506E02D0B2DA000961A0F /* CursoMVVMSwift-CleanArchTests.xctest */ = {isa = PBXFileReference; explicitFileType = wrapper.cfbundle; includeInIndex = 0; path = "CursoMVVMSwift-CleanArchTests.xctest"; sourceTree = BUILT_PRODUCTS_DIR; };
		6DB506EA2D0B2DA000961A0F /* CursoMVVMSwift-CleanArchUITests.xctest */ = {isa = PBXFileReference; explicitFileType = wrapper.cfbundle; includeInIndex = 0; path = "CursoMVVMSwift-CleanArchUITests.xctest"; sourceTree = BUILT_PRODUCTS_DIR; };
/* End PBXFileReference section */

/* Begin PBXFileSystemSynchronizedRootGroup section */
		6DB506D22D0B2D9F00961A0F /* CursoMVVMSwift-CleanArch */ = {
			isa = PBXFileSystemSynchronizedRootGroup;
			path = "CursoMVVMSwift-CleanArch";
			sourceTree = "<group>";
		};
		6DB506E32D0B2DA000961A0F /* CursoMVVMSwift-CleanArchTests */ = {
			isa = PBXFileSystemSynchronizedRootGroup;
			path = "CursoMVVMSwift-CleanArchTests";
			sourceTree = "<group>";
		};
		6DB506ED2D0B2DA000961A0F /* CursoMVVMSwift-CleanArchUITests */ = {
			isa = PBXFileSystemSynchronizedRootGroup;
			path = "CursoMVVMSwift-CleanArchUITests";
			sourceTree = "<group>";
		};
/* End PBXFileSystemSynchronizedRootGroup section */

/* Begin PBXFrameworksBuildPhase section */
		6DB506CD2D0B2D9F00961A0F /* Frameworks */ = {
			isa = PBXFrameworksBuildPhase;
			buildActionMask = 2147483647;
			files = (
			);
			runOnlyForDeploymentPostprocessing = 0;
		};
		6DB506DD2D0B2DA000961A0F /* Frameworks */ = {
			isa = PBXFrameworksBuildPhase;
			buildActionMask = 2147483647;
			files = (
			);
			runOnlyForDeploymentPostprocessing = 0;
		};
		6DB506E72D0B2DA000961A0F /* Frameworks */ = {
			isa = PBXFrameworksBuildPhase;
			buildActionMask = 2147483647;
			files = (
			);
			runOnlyForDeploymentPostprocessing = 0;
		};
/* End PBXFrameworksBuildPhase section */

/* Begin PBXGroup section */
		6DB506C72D0B2D9F00961A0F = {
			isa = PBXGroup;
			children = (
				6DB506D22D0B2D9F00961A0F /* CursoMVVMSwift-CleanArch */,
				6DB506E32D0B2DA000961A0F /* CursoMVVMSwift-CleanArchTests */,
				6DB506ED2D0B2DA000961A0F /* CursoMVVMSwift-CleanArchUITests */,
				6DB506D12D0B2D9F00961A0F /* Products */,
			);
			sourceTree = "<group>";
		};
		6DB506D12D0B2D9F00961A0F /* Products */ = {
			isa = PBXGroup;
			children = (
				6DB506D02D0B2D9F00961A0F /* CursoMVVMSwift-CleanArch.app */,
				6DB506E02D0B2DA000961A0F /* CursoMVVMSwift-CleanArchTests.xctest */,
				6DB506EA2D0B2DA000961A0F /* CursoMVVMSwift-CleanArchUITests.xctest */,
			);
			name = Products;
			sourceTree = "<group>";
		};
/* End PBXGroup section */

/* Begin PBXNativeTarget section */
		6DB506CF2D0B2D9F00961A0F /* CursoMVVMSwift-CleanArch */ = {
			isa = PBXNativeTarget;
			buildConfigurationList = 6DB506F42D0B2DA000961A0F /* Build configuration list for PBXNativeTarget "CursoMVVMSwift-CleanArch" */;
			buildPhases = (
				6DB506CC2D0B2D9F00961A0F /* Sources */,
				6DB506CD2D0B2D9F00961A0F /* Frameworks */,
				6DB506CE2D0B2D9F00961A0F /* Resources */,
			);
			buildRules = (
			);
			dependencies = (
			);
			fileSystemSynchronizedGroups = (
				6DB506D22D0B2D9F00961A0F /* CursoMVVMSwift-CleanArch */,
			);
			name = "CursoMVVMSwift-CleanArch";
			packageProductDependencies = (
			);
			productName = "CursoMVVMSwift-CleanArch";
			productReference = 6DB506D02D0B2D9F00961A0F /* CursoMVVMSwift-CleanArch.app */;
			productType = "com.apple.product-type.application";
		};
		6DB506DF2D0B2DA000961A0F /* CursoMVVMSwift-CleanArchTests */ = {
			isa = PBXNativeTarget;
			buildConfigurationList = 6DB506F72D0B2DA000961A0F /* Build configuration list for PBXNativeTarget "CursoMVVMSwift-CleanArchTests" */;
			buildPhases = (
				6DB506DC2D0B2DA000961A0F /* Sources */,
				6DB506DD2D0B2DA000961A0F /* Frameworks */,
				6DB506DE2D0B2DA000961A0F /* Resources */,
			);
			buildRules = (
			);
			dependencies = (
				6DB506E22D0B2DA000961A0F /* PBXTargetDependency */,
			);
			fileSystemSynchronizedGroups = (
				6DB506E32D0B2DA000961A0F /* CursoMVVMSwift-CleanArchTests */,
			);
			name = "CursoMVVMSwift-CleanArchTests";
			packageProductDependencies = (
			);
			productName = "CursoMVVMSwift-CleanArchTests";
			productReference = 6DB506E02D0B2DA000961A0F /* CursoMVVMSwift-CleanArchTests.xctest */;
			productType = "com.apple.product-type.bundle.unit-test";
		};
		6DB506E92D0B2DA000961A0F /* CursoMVVMSwift-CleanArchUITests */ = {
			isa = PBXNativeTarget;
			buildConfigurationList = 6DB506FA2D0B2DA000961A0F /* Build configuration list for PBXNativeTarget "CursoMVVMSwift-CleanArchUITests" */;
			buildPhases = (
				6DB506E62D0B2DA000961A0F /* Sources */,
				6DB506E72D0B2DA000961A0F /* Frameworks */,
				6DB506E82D0B2DA000961A0F /* Resources */,
			);
			buildRules = (
			);
			dependencies = (
				6DB506EC2D0B2DA000961A0F /* PBXTargetDependency */,
			);
			fileSystemSynchronizedGroups = (
				6DB506ED2D0B2DA000961A0F /* CursoMVVMSwift-CleanArchUITests */,
			);
			name = "CursoMVVMSwift-CleanArchUITests";
			packageProductDependencies = (
			);
			productName = "CursoMVVMSwift-CleanArchUITests";
			productReference = 6DB506EA2D0B2DA000961A0F /* CursoMVVMSwift-CleanArchUITests.xctest */;
			productType = "com.apple.product-type.bundle.ui-testing";
		};
/* End PBXNativeTarget section */

/* Begin PBXProject section */
		6DB506C82D0B2D9F00961A0F /* Project object */ = {
			isa = PBXProject;
			attributes = {
				BuildIndependentTargetsInParallel = 1;
				LastSwiftUpdateCheck = 1610;
				LastUpgradeCheck = 1610;
				TargetAttributes = {
					6DB506CF2D0B2D9F00961A0F = {
						CreatedOnToolsVersion = 16.1;
					};
					6DB506DF2D0B2DA000961A0F = {
						CreatedOnToolsVersion = 16.1;
						TestTargetID = 6DB506CF2D0B2D9F00961A0F;
					};
					6DB506E92D0B2DA000961A0F = {
						CreatedOnToolsVersion = 16.1;
						TestTargetID = 6DB506CF2D0B2D9F00961A0F;
					};
				};
			};
			buildConfigurationList = 6DB506CB2D0B2D9F00961A0F /* Build configuration list for PBXProject "CursoMVVMSwift-CleanArch" */;
			developmentRegion = en;
			hasScannedForEncodings = 0;
			knownRegions = (
				en,
				Base,
			);
			mainGroup = 6DB506C72D0B2D9F00961A0F;
			minimizedProjectReferenceProxies = 1;
			preferredProjectObjectVersion = 77;
			productRefGroup = 6DB506D12D0B2D9F00961A0F /* Products */;
			projectDirPath = "";
			projectRoot = "";
			targets = (
				6DB506CF2D0B2D9F00961A0F /* CursoMVVMSwift-CleanArch */,
				6DB506DF2D0B2DA000961A0F /* CursoMVVMSwift-CleanArchTests */,
				6DB506E92D0B2DA000961A0F /* CursoMVVMSwift-CleanArchUITests */,
			);
		};
/* End PBXProject section */

/* Begin PBXResourcesBuildPhase section */
		6DB506CE2D0B2D9F00961A0F /* Resources */ = {
			isa = PBXResourcesBuildPhase;
			buildActionMask = 2147483647;
			files = (
			);
			runOnlyForDeploymentPostprocessing = 0;
		};
		6DB506DE2D0B2DA000961A0F /* Resources */ = {
			isa = PBXResourcesBuildPhase;
			buildActionMask = 2147483647;
			files = (
			);
			runOnlyForDeploymentPostprocessing = 0;
		};
		6DB506E82D0B2DA000961A0F /* Resources */ = {
			isa = PBXResourcesBuildPhase;
			buildActionMask = 2147483647;
			files = (
			);
			runOnlyForDeploymentPostprocessing = 0;
		};
/* End PBXResourcesBuildPhase section */

/* Begin PBXSourcesBuildPhase section */
		6DB506CC2D0B2D9F00961A0F /* Sources */ = {
			isa = PBXSourcesBuildPhase;
			buildActionMask = 2147483647;
			files = (
			);
			runOnlyForDeploymentPostprocessing = 0;
		};
		6DB506DC2D0B2DA000961A0F /* Sources */ = {
			isa = PBXSourcesBuildPhase;
			buildActionMask = 2147483647;
			files = (
			);
			runOnlyForDeploymentPostprocessing = 0;
		};
		6DB506E62D0B2DA000961A0F /* Sources */ = {
			isa = PBXSourcesBuildPhase;
			buildActionMask = 2147483647;
			files = (
			);
			runOnlyForDeploymentPostprocessing = 0;
		};
/* End PBXSourcesBuildPhase section */

/* Begin PBXTargetDependency section */
		6DB506E22D0B2DA000961A0F /* PBXTargetDependency */ = {
			isa = PBXTargetDependency;
			target = 6DB506CF2D0B2D9F00961A0F /* CursoMVVMSwift-CleanArch */;
			targetProxy = 6DB506E12D0B2DA000961A0F /* PBXContainerItemProxy */;
		};
		6DB506EC2D0B2DA000961A0F /* PBXTargetDependency */ = {
			isa = PBXTargetDependency;
			target = 6DB506CF2D0B2D9F00961A0F /* CursoMVVMSwift-CleanArch */;
			targetProxy = 6DB506EB2D0B2DA000961A0F /* PBXContainerItemProxy */;
		};
/* End PBXTargetDependency section */

/* Begin XCBuildConfiguration section */
		6DB506F22D0B2DA000961A0F /* Debug */ = {
			isa = XCBuildConfiguration;
			buildSettings = {
				ALWAYS_SEARCH_USER_PATHS = NO;
				ASSETCATALOG_COMPILER_GENERATE_SWIFT_ASSET_SYMBOL_EXTENSIONS = YES;
				CLANG_ANALYZER_NONNULL = YES;
				CLANG_ANALYZER_NUMBER_OBJECT_CONVERSION = YES_AGGRESSIVE;
				CLANG_CXX_LANGUAGE_STANDARD = "gnu++20";
				CLANG_ENABLE_MODULES = YES;
				CLANG_ENABLE_OBJC_ARC = YES;
				CLANG_ENABLE_OBJC_WEAK = YES;
				CLANG_WARN_BLOCK_CAPTURE_AUTORELEASING = YES;
				CLANG_WARN_BOOL_CONVERSION = YES;
				CLANG_WARN_COMMA = YES;
				CLANG_WARN_CONSTANT_CONVERSION = YES;
				CLANG_WARN_DEPRECATED_OBJC_IMPLEMENTATIONS = YES;
				CLANG_WARN_DIRECT_OBJC_ISA_USAGE = YES_ERROR;
				CLANG_WARN_DOCUMENTATION_COMMENTS = YES;
				CLANG_WARN_EMPTY_BODY = YES;
				CLANG_WARN_ENUM_CONVERSION = YES;
				CLANG_WARN_INFINITE_RECURSION = YES;
				CLANG_WARN_INT_CONVERSION = YES;
				CLANG_WARN_NON_LITERAL_NULL_CONVERSION = YES;
				CLANG_WARN_OBJC_IMPLICIT_RETAIN_SELF = YES;
				CLANG_WARN_OBJC_LITERAL_CONVERSION = YES;
				CLANG_WARN_OBJC_ROOT_CLASS = YES_ERROR;
				CLANG_WARN_QUOTED_INCLUDE_IN_FRAMEWORK_HEADER = YES;
				CLANG_WARN_RANGE_LOOP_ANALYSIS = YES;
				CLANG_WARN_STRICT_PROTOTYPES = YES;
				CLANG_WARN_SUSPICIOUS_MOVE = YES;
				CLANG_WARN_UNGUARDED_AVAILABILITY = YES_AGGRESSIVE;
				CLANG_WARN_UNREACHABLE_CODE = YES;
				CLANG_WARN__DUPLICATE_METHOD_MATCH = YES;
				COPY_PHASE_STRIP = NO;
				DEBUG_INFORMATION_FORMAT = dwarf;
				ENABLE_STRICT_OBJC_MSGSEND = YES;
				ENABLE_TESTABILITY = YES;
				ENABLE_USER_SCRIPT_SANDBOXING = YES;
				GCC_C_LANGUAGE_STANDARD = gnu17;
				GCC_DYNAMIC_NO_PIC = NO;
				GCC_NO_COMMON_BLOCKS = YES;
				GCC_OPTIMIZATION_LEVEL = 0;
				GCC_PREPROCESSOR_DEFINITIONS = (
					"DEBUG=1",
					"$(inherited)",
				);
				GCC_WARN_64_TO_32_BIT_CONVERSION = YES;
				GCC_WARN_ABOUT_RETURN_TYPE = YES_ERROR;
				GCC_WARN_UNDECLARED_SELECTOR = YES;
				GCC_WARN_UNINITIALIZED_AUTOS = YES_AGGRESSIVE;
				GCC_WARN_UNUSED_FUNCTION = YES;
				GCC_WARN_UNUSED_VARIABLE = YES;
				IPHONEOS_DEPLOYMENT_TARGET = 18.1;
				LOCALIZATION_PREFERS_STRING_CATALOGS = YES;
				MTL_ENABLE_DEBUG_INFO = INCLUDE_SOURCE;
				MTL_FAST_MATH = YES;
				ONLY_ACTIVE_ARCH = YES;
				SDKROOT = iphoneos;
				SWIFT_ACTIVE_COMPILATION_CONDITIONS = "DEBUG $(inherited)";
				SWIFT_OPTIMIZATION_LEVEL = "-Onone";
			};
			name = Debug;
		};
		6DB506F32D0B2DA000961A0F /* Release */ = {
			isa = XCBuildConfiguration;
			buildSettings = {
				ALWAYS_SEARCH_USER_PATHS = NO;
				ASSETCATALOG_COMPILER_GENERATE_SWIFT_ASSET_SYMBOL_EXTENSIONS = YES;
				CLANG_ANALYZER_NONNULL = YES;
				CLANG_ANALYZER_NUMBER_OBJECT_CONVERSION = YES_AGGRESSIVE;
				CLANG_CXX_LANGUAGE_STANDARD = "gnu++20";
				CLANG_ENABLE_MODULES = YES;
				CLANG_ENABLE_OBJC_ARC = YES;
				CLANG_ENABLE_OBJC_WEAK = YES;
				CLANG_WARN_BLOCK_CAPTURE_AUTORELEASING = YES;
				CLANG_WARN_BOOL_CONVERSION = YES;
				CLANG_WARN_COMMA = YES;
				CLANG_WARN_CONSTANT_CONVERSION = YES;
				CLANG_WARN_DEPRECATED_OBJC_IMPLEMENTATIONS = YES;
				CLANG_WARN_DIRECT_OBJC_ISA_USAGE = YES_ERROR;
				CLANG_WARN_DOCUMENTATION_COMMENTS = YES;
				CLANG_WARN_EMPTY_BODY = YES;
				CLANG_WARN_ENUM_CONVERSION = YES;
				CLANG_WARN_INFINITE_RECURSION = YES;
				CLANG_WARN_INT_CONVERSION = YES;
				CLANG_WARN_NON_LITERAL_NULL_CONVERSION = YES;
				CLANG_WARN_OBJC_IMPLICIT_RETAIN_SELF = YES;
				CLANG_WARN_OBJC_LITERAL_CONVERSION = YES;
				CLANG_WARN_OBJC_ROOT_CLASS = YES_ERROR;
				CLANG_WARN_QUOTED_INCLUDE_IN_FRAMEWORK_HEADER = YES;
				CLANG_WARN_RANGE_LOOP_ANALYSIS = YES;
				CLANG_WARN_STRICT_PROTOTYPES = YES;
				CLANG_WARN_SUSPICIOUS_MOVE = YES;
				CLANG_WARN_UNGUARDED_AVAILABILITY = YES_AGGRESSIVE;
				CLANG_WARN_UNREACHABLE_CODE = YES;
				CLANG_WARN__DUPLICATE_METHOD_MATCH = YES;
				COPY_PHASE_STRIP = NO;
				DEBUG_INFORMATION_FORMAT = "dwarf-with-dsym";
				ENABLE_NS_ASSERTIONS = NO;
				ENABLE_STRICT_OBJC_MSGSEND = YES;
				ENABLE_USER_SCRIPT_SANDBOXING = YES;
				GCC_C_LANGUAGE_STANDARD = gnu17;
				GCC_NO_COMMON_BLOCKS = YES;
				GCC_WARN_64_TO_32_BIT_CONVERSION = YES;
				GCC_WARN_ABOUT_RETURN_TYPE = YES_ERROR;
				GCC_WARN_UNDECLARED_SELECTOR = YES;
				GCC_WARN_UNINITIALIZED_AUTOS = YES_AGGRESSIVE;
				GCC_WARN_UNUSED_FUNCTION = YES;
				GCC_WARN_UNUSED_VARIABLE = YES;
				IPHONEOS_DEPLOYMENT_TARGET = 18.1;
				LOCALIZATION_PREFERS_STRING_CATALOGS = YES;
				MTL_ENABLE_DEBUG_INFO = NO;
				MTL_FAST_MATH = YES;
				SDKROOT = iphoneos;
				SWIFT_COMPILATION_MODE = wholemodule;
				VALIDATE_PRODUCT = YES;
			};
			name = Release;
		};
		6DB506F52D0B2DA000961A0F /* Debug */ = {
			isa = XCBuildConfiguration;
			buildSettings = {
				ASSETCATALOG_COMPILER_APPICON_NAME = AppIcon;
				ASSETCATALOG_COMPILER_GLOBAL_ACCENT_COLOR_NAME = AccentColor;
				CODE_SIGN_STYLE = Automatic;
				CURRENT_PROJECT_VERSION = 1;
				DEVELOPMENT_ASSET_PATHS = "\"CursoMVVMSwift-CleanArch/Preview Content\"";
				DEVELOPMENT_TEAM = Y67Y2C6Y8T;
				ENABLE_PREVIEWS = YES;
				GENERATE_INFOPLIST_FILE = YES;
				INFOPLIST_KEY_UIApplicationSceneManifest_Generation = YES;
				INFOPLIST_KEY_UIApplicationSupportsIndirectInputEvents = YES;
				INFOPLIST_KEY_UILaunchScreen_Generation = YES;
				INFOPLIST_KEY_UISupportedInterfaceOrientations_iPad = "UIInterfaceOrientationPortrait UIInterfaceOrientationPortraitUpsideDown UIInterfaceOrientationLandscapeLeft UIInterfaceOrientationLandscapeRight";
				INFOPLIST_KEY_UISupportedInterfaceOrientations_iPhone = "UIInterfaceOrientationPortrait UIInterfaceOrientationLandscapeLeft UIInterfaceOrientationLandscapeRight";
				LD_RUNPATH_SEARCH_PATHS = (
					"$(inherited)",
					"@executable_path/Frameworks",
				);
				MARKETING_VERSION = 1.0;
				PRODUCT_BUNDLE_IDENTIFIER = "com.platzi.CursoMVVMSwift-CleanArch";
				PRODUCT_NAME = "$(TARGET_NAME)";
				SWIFT_EMIT_LOC_STRINGS = YES;
				SWIFT_VERSION = 5.0;
				TARGETED_DEVICE_FAMILY = "1,2";
			};
			name = Debug;
		};
		6DB506F62D0B2DA000961A0F /* Release */ = {
			isa = XCBuildConfiguration;
			buildSettings = {
				ASSETCATALOG_COMPILER_APPICON_NAME = AppIcon;
				ASSETCATALOG_COMPILER_GLOBAL_ACCENT_COLOR_NAME = AccentColor;
				CODE_SIGN_STYLE = Automatic;
				CURRENT_PROJECT_VERSION = 1;
				DEVELOPMENT_ASSET_PATHS = "\"CursoMVVMSwift-CleanArch/Preview Content\"";
				DEVELOPMENT_TEAM = Y67Y2C6Y8T;
				ENABLE_PREVIEWS = YES;
				GENERATE_INFOPLIST_FILE = YES;
				INFOPLIST_KEY_UIApplicationSceneManifest_Generation = YES;
				INFOPLIST_KEY_UIApplicationSupportsIndirectInputEvents = YES;
				INFOPLIST_KEY_UILaunchScreen_Generation = YES;
				INFOPLIST_KEY_UISupportedInterfaceOrientations_iPad = "UIInterfaceOrientationPortrait UIInterfaceOrientationPortraitUpsideDown UIInterfaceOrientationLandscapeLeft UIInterfaceOrientationLandscapeRight";
				INFOPLIST_KEY_UISupportedInterfaceOrientations_iPhone = "UIInterfaceOrientationPortrait UIInterfaceOrientationLandscapeLeft UIInterfaceOrientationLandscapeRight";
				LD_RUNPATH_SEARCH_PATHS = (
					"$(inherited)",
					"@executable_path/Frameworks",
				);
				MARKETING_VERSION = 1.0;
				PRODUCT_BUNDLE_IDENTIFIER = "com.platzi.CursoMVVMSwift-CleanArch";
				PRODUCT_NAME = "$(TARGET_NAME)";
				SWIFT_EMIT_LOC_STRINGS = YES;
				SWIFT_VERSION = 5.0;
				TARGETED_DEVICE_FAMILY = "1,2";
			};
			name = Release;
		};
		6DB506F82D0B2DA000961A0F /* Debug */ = {
			isa = XCBuildConfiguration;
			buildSettings = {
				BUNDLE_LOADER = "$(TEST_HOST)";
				CODE_SIGN_STYLE = Automatic;
				CURRENT_PROJECT_VERSION = 1;
				DEVELOPMENT_TEAM = Y67Y2C6Y8T;
				GENERATE_INFOPLIST_FILE = YES;
				IPHONEOS_DEPLOYMENT_TARGET = 18.1;
				MARKETING_VERSION = 1.0;
				PRODUCT_BUNDLE_IDENTIFIER = "com.platzi.CursoMVVMSwift-CleanArchTests";
				PRODUCT_NAME = "$(TARGET_NAME)";
				SWIFT_EMIT_LOC_STRINGS = NO;
				SWIFT_VERSION = 5.0;
				TARGETED_DEVICE_FAMILY = "1,2";
				TEST_HOST = "$(BUILT_PRODUCTS_DIR)/CursoMVVMSwift-CleanArch.app/$(BUNDLE_EXECUTABLE_FOLDER_PATH)/CursoMVVMSwift-CleanArch";
			};
			name = Debug;
		};
		6DB506F92D0B2DA000961A0F /* Release */ = {
			isa = XCBuildConfiguration;
			buildSettings = {
				BUNDLE_LOADER = "$(TEST_HOST)";
				CODE_SIGN_STYLE = Automatic;
				CURRENT_PROJECT_VERSION = 1;
				DEVELOPMENT_TEAM = Y67Y2C6Y8T;
				GENERATE_INFOPLIST_FILE = YES;
				IPHONEOS_DEPLOYMENT_TARGET = 18.1;
				MARKETING_VERSION = 1.0;
				PRODUCT_BUNDLE_IDENTIFIER = "com.platzi.CursoMVVMSwift-CleanArchTests";
				PRODUCT_NAME = "$(TARGET_NAME)";
				SWIFT_EMIT_LOC_STRINGS = NO;
				SWIFT_VERSION = 5.0;
				TARGETED_DEVICE_FAMILY = "1,2";
				TEST_HOST = "$(BUILT_PRODUCTS_DIR)/CursoMVVMSwift-CleanArch.app/$(BUNDLE_EXECUTABLE_FOLDER_PATH)/CursoMVVMSwift-CleanArch";
			};
			name = Release;
		};
		6DB506FB2D0B2DA000961A0F /* Debug */ = {
			isa = XCBuildConfiguration;
			buildSettings = {
				CODE_SIGN_STYLE = Automatic;
				CURRENT_PROJECT_VERSION = 1;
				DEVELOPMENT_TEAM = Y67Y2C6Y8T;
				GENERATE_INFOPLIST_FILE = YES;
				MARKETING_VERSION = 1.0;
				PRODUCT_BUNDLE_IDENTIFIER = "com.platzi.CursoMVVMSwift-CleanArchUITests";
				PRODUCT_NAME = "$(TARGET_NAME)";
				SWIFT_EMIT_LOC_STRINGS = NO;
				SWIFT_VERSION = 5.0;
				TARGETED_DEVICE_FAMILY = "1,2";
				TEST_TARGET_NAME = "CursoMVVMSwift-CleanArch";
			};
			name = Debug;
		};
		6DB506FC2D0B2DA000961A0F /* Release */ = {
			isa = XCBuildConfiguration;
			buildSettings = {
				CODE_SIGN_STYLE = Automatic;
				CURRENT_PROJECT_VERSION = 1;
				DEVELOPMENT_TEAM = Y67Y2C6Y8T;
				GENERATE_INFOPLIST_FILE = YES;
				MARKETING_VERSION = 1.0;
				PRODUCT_BUNDLE_IDENTIFIER = "com.platzi.CursoMVVMSwift-CleanArchUITests";
				PRODUCT_NAME = "$(TARGET_NAME)";
				SWIFT_EMIT_LOC_STRINGS = NO;
				SWIFT_VERSION = 5.0;
				TARGETED_DEVICE_FAMILY = "1,2";
				TEST_TARGET_NAME = "CursoMVVMSwift-CleanArch";
			};
			name = Release;
		};
/* End XCBuildConfiguration section */

/* Begin XCConfigurationList section */
		6DB506CB2D0B2D9F00961A0F /* Build configuration list for PBXProject "CursoMVVMSwift-CleanArch" */ = {
			isa = XCConfigurationList;
			buildConfigurations = (
				6DB506F22D0B2DA000961A0F /* Debug */,
				6DB506F32D0B2DA000961A0F /* Release */,
			);
			defaultConfigurationIsVisible = 0;
			defaultConfigurationName = Release;
		};
		6DB506F42D0B2DA000961A0F /* Build configuration list for PBXNativeTarget "CursoMVVMSwift-CleanArch" */ = {
			isa = XCConfigurationList;
			buildConfigurations = (
				6DB506F52D0B2DA000961A0F /* Debug */,
				6DB506F62D0B2DA000961A0F /* Release */,
			);
			defaultConfigurationIsVisible = 0;
			defaultConfigurationName = Release;
		};
		6DB506F72D0B2DA000961A0F /* Build configuration list for PBXNativeTarget "CursoMVVMSwift-CleanArchTests" */ = {
			isa = XCConfigurationList;
			buildConfigurations = (
				6DB506F82D0B2DA000961A0F /* Debug */,
				6DB506F92D0B2DA000961A0F /* Release */,
			);
			defaultConfigurationIsVisible = 0;
			defaultConfigurationName = Release;
		};
		6DB506FA2D0B2DA000961A0F /* Build configuration list for PBXNativeTarget "CursoMVVMSwift-CleanArchUITests" */ = {
			isa = XCConfigurationList;
			buildConfigurations = (
				6DB506FB2D0B2DA000961A0F /* Debug */,
				6DB506FC2D0B2DA000961A0F /* Release */,
			);
			defaultConfigurationIsVisible = 0;
			defaultConfigurationName = Release;
		};
/* End XCConfigurationList section */
	};
	rootObject = 6DB506C82D0B2D9F00961A0F /* Project object */;
}
